
Microsoft Visual Studio Solution File, Format Version 12.00
# Visual Studio Version 17
VisualStudioVersion = 17.13.35825.156 d17.13
MinimumVisualStudioVersion = 10.0.40219.1
Project("{FAE04EC0-301F-11D3-BF4B-00C04F79EFBC}") = "MAUI-Styles", "MAUI-Styles.csproj", "{D6760E9A-93DE-470E-901B-29A4F5C05E8A}"
EndProject
Global
	GlobalSection(SolutionConfigurationPlatforms) = preSolution
		Debug|Any CPU = Debug|Any CPU
		Release|Any CPU = Release|Any CPU
	EndGlobalSection
	GlobalSection(ProjectConfigurationPlatforms) = postSolution
		{D6760E9A-93DE-470E-901B-29A4F5C05E8A}.Debug|Any CPU.ActiveCfg = Debug|Any CPU
		{D6760E9A-93DE-470E-901B-29A4F5C05E8A}.Debug|Any CPU.Build.0 = Debug|Any CPU
		{D6760E9A-93DE-470E-901B-29A4F5C05E8A}.Debug|Any CPU.Deploy.0 = Debug|Any CPU
		{D6760E9A-93DE-470E-901B-29A4F5C05E8A}.Release|Any CPU.ActiveCfg = Release|Any CPU
		{D6760E9A-93DE-470E-901B-29A4F5C05E8A}.Release|Any CPU.Build.0 = Release|Any CPU
		{D6760E9A-93DE-470E-901B-29A4F5C05E8A}.Release|Any CPU.Deploy.0 = Release|Any CPU
	EndGlobalSection
	GlobalSection(SolutionProperties) = preSolution
		HideSolutionNode = FALSE
	EndGlobalSection
	GlobalSection(ExtensibilityGlobals) = postSolution
		SolutionGuid = {123592FE-D2F9-47A8-A832-4437806032C9}
	EndGlobalSection
EndGlobal
